// !$*UTF8*$!
{
	archiveVersion = 1;
	classes = {
	};
	objectVersion = 48;
	objects = {

/* Begin PBXBuildFile section */
		9F13D18521374D1F00F44527 /* PitchShifter.xcdatamodeld in Sources */ = {isa = PBXBuildFile; fileRef = 9F13D18321374D1F00F44527 /* PitchShifter.xcdatamodeld */; };
		9F13D18A21374D1F00F44527 /* LaunchScreen.storyboard in Resources */ = {isa = PBXBuildFile; fileRef = 9F13D18821374D1F00F44527 /* LaunchScreen.storyboard */; };
		9F13D19521374D1F00F44527 /* PitchShifterTests.swift in Sources */ = {isa = PBXBuildFile; fileRef = 9F13D19421374D1F00F44527 /* PitchShifterTests.swift */; };
		9F13D1A021374D1F00F44527 /* PitchShifterUITests.swift in Sources */ = {isa = PBXBuildFile; fileRef = 9F13D19F21374D1F00F44527 /* PitchShifterUITests.swift */; };
		9F13D1B521374D3B00F44527 /* AppDelegate.swift in Sources */ = {isa = PBXBuildFile; fileRef = 9F13D1B121374D3B00F44527 /* AppDelegate.swift */; };
		9F13D1B621374D3B00F44527 /* AudioPlayerView.swift in Sources */ = {isa = PBXBuildFile; fileRef = 9F13D1B221374D3B00F44527 /* AudioPlayerView.swift */; };
		9F13D1B721374D3B00F44527 /* AudioPlayerViewController.swift in Sources */ = {isa = PBXBuildFile; fileRef = 9F13D1B321374D3B00F44527 /* AudioPlayerViewController.swift */; };
		9F13D1BA21374D4A00F44527 /* Assets.xcassets in Resources */ = {isa = PBXBuildFile; fileRef = 9F13D1B921374D4A00F44527 /* Assets.xcassets */; };
		9F13D1BD21374ED900F44527 /* YoungFolks.mp3 in Resources */ = {isa = PBXBuildFile; fileRef = 9F13D1BC21374ED900F44527 /* YoungFolks.mp3 */; };
		9F13D1C021375C3E00F44527 /* MainViewController.swift in Sources */ = {isa = PBXBuildFile; fileRef = 9F13D1BF21375C3E00F44527 /* MainViewController.swift */; };
		9F13D1C52137BF6700F44527 /* SongsLibraryViewController.swift in Sources */ = {isa = PBXBuildFile; fileRef = 9F13D1C42137BF6700F44527 /* SongsLibraryViewController.swift */; };
		9F13D1C72137C30800F44527 /* SongsLibraryView.swift in Sources */ = {isa = PBXBuildFile; fileRef = 9F13D1C62137C30800F44527 /* SongsLibraryView.swift */; };
		9F13D1C92137CF2B00F44527 /* AudioPlayerAudio.swift in Sources */ = {isa = PBXBuildFile; fileRef = 9F13D1C82137CF2B00F44527 /* AudioPlayerAudio.swift */; };
		9F13D1CB2137D20500F44527 /* AudioPlayerActions.swift in Sources */ = {isa = PBXBuildFile; fileRef = 9F13D1CA2137D20500F44527 /* AudioPlayerActions.swift */; };
		9F13D1CD2137F3DD00F44527 /* Song.swift in Sources */ = {isa = PBXBuildFile; fileRef = 9F13D1CC2137F3DD00F44527 /* Song.swift */; };
		9F13D1CF21380BC200F44527 /* AudioPlayerUIUpdates.swift in Sources */ = {isa = PBXBuildFile; fileRef = 9F13D1CE21380BC200F44527 /* AudioPlayerUIUpdates.swift */; };
/* End PBXBuildFile section */

/* Begin PBXContainerItemProxy section */
		9F13D19121374D1F00F44527 /* PBXContainerItemProxy */ = {
			isa = PBXContainerItemProxy;
			containerPortal = 9F13D17121374D1F00F44527 /* Project object */;
			proxyType = 1;
			remoteGlobalIDString = 9F13D17821374D1F00F44527;
			remoteInfo = PitchShifter;
		};
		9F13D19C21374D1F00F44527 /* PBXContainerItemProxy */ = {
			isa = PBXContainerItemProxy;
			containerPortal = 9F13D17121374D1F00F44527 /* Project object */;
			proxyType = 1;
			remoteGlobalIDString = 9F13D17821374D1F00F44527;
			remoteInfo = PitchShifter;
		};
/* End PBXContainerItemProxy section */

/* Begin PBXFileReference section */
		9F13D17921374D1F00F44527 /* PitchShifter.app */ = {isa = PBXFileReference; explicitFileType = wrapper.application; includeInIndex = 0; path = PitchShifter.app; sourceTree = BUILT_PRODUCTS_DIR; };
		9F13D18421374D1F00F44527 /* PitchShifter.xcdatamodel */ = {isa = PBXFileReference; lastKnownFileType = wrapper.xcdatamodel; path = PitchShifter.xcdatamodel; sourceTree = "<group>"; };
		9F13D18921374D1F00F44527 /* Base */ = {isa = PBXFileReference; lastKnownFileType = file.storyboard; name = Base; path = Base.lproj/LaunchScreen.storyboard; sourceTree = "<group>"; };
		9F13D18B21374D1F00F44527 /* Info.plist */ = {isa = PBXFileReference; lastKnownFileType = text.plist.xml; path = Info.plist; sourceTree = "<group>"; };
		9F13D19021374D1F00F44527 /* PitchShifterTests.xctest */ = {isa = PBXFileReference; explicitFileType = wrapper.cfbundle; includeInIndex = 0; path = PitchShifterTests.xctest; sourceTree = BUILT_PRODUCTS_DIR; };
		9F13D19421374D1F00F44527 /* PitchShifterTests.swift */ = {isa = PBXFileReference; lastKnownFileType = sourcecode.swift; path = PitchShifterTests.swift; sourceTree = "<group>"; };
		9F13D19621374D1F00F44527 /* Info.plist */ = {isa = PBXFileReference; lastKnownFileType = text.plist.xml; path = Info.plist; sourceTree = "<group>"; };
		9F13D19B21374D1F00F44527 /* PitchShifterUITests.xctest */ = {isa = PBXFileReference; explicitFileType = wrapper.cfbundle; includeInIndex = 0; path = PitchShifterUITests.xctest; sourceTree = BUILT_PRODUCTS_DIR; };
		9F13D19F21374D1F00F44527 /* PitchShifterUITests.swift */ = {isa = PBXFileReference; lastKnownFileType = sourcecode.swift; path = PitchShifterUITests.swift; sourceTree = "<group>"; };
		9F13D1A121374D1F00F44527 /* Info.plist */ = {isa = PBXFileReference; lastKnownFileType = text.plist.xml; path = Info.plist; sourceTree = "<group>"; };
		9F13D1B121374D3B00F44527 /* AppDelegate.swift */ = {isa = PBXFileReference; fileEncoding = 4; lastKnownFileType = sourcecode.swift; path = AppDelegate.swift; sourceTree = "<group>"; };
		9F13D1B221374D3B00F44527 /* AudioPlayerView.swift */ = {isa = PBXFileReference; fileEncoding = 4; lastKnownFileType = sourcecode.swift; path = AudioPlayerView.swift; sourceTree = "<group>"; };
		9F13D1B321374D3B00F44527 /* AudioPlayerViewController.swift */ = {isa = PBXFileReference; fileEncoding = 4; lastKnownFileType = sourcecode.swift; path = AudioPlayerViewController.swift; sourceTree = "<group>"; };
		9F13D1B921374D4A00F44527 /* Assets.xcassets */ = {isa = PBXFileReference; lastKnownFileType = folder.assetcatalog; path = Assets.xcassets; sourceTree = "<group>"; };
		9F13D1BC21374ED900F44527 /* YoungFolks.mp3 */ = {isa = PBXFileReference; lastKnownFileType = audio.mp3; path = YoungFolks.mp3; sourceTree = "<group>"; };
		9F13D1BF21375C3E00F44527 /* MainViewController.swift */ = {isa = PBXFileReference; lastKnownFileType = sourcecode.swift; path = MainViewController.swift; sourceTree = "<group>"; };
		9F13D1C42137BF6700F44527 /* SongsLibraryViewController.swift */ = {isa = PBXFileReference; lastKnownFileType = sourcecode.swift; path = SongsLibraryViewController.swift; sourceTree = "<group>"; };
		9F13D1C62137C30800F44527 /* SongsLibraryView.swift */ = {isa = PBXFileReference; lastKnownFileType = sourcecode.swift; path = SongsLibraryView.swift; sourceTree = "<group>"; };
		9F13D1C82137CF2B00F44527 /* AudioPlayerAudio.swift */ = {isa = PBXFileReference; lastKnownFileType = sourcecode.swift; path = AudioPlayerAudio.swift; sourceTree = "<group>"; };
		9F13D1CA2137D20500F44527 /* AudioPlayerActions.swift */ = {isa = PBXFileReference; lastKnownFileType = sourcecode.swift; path = AudioPlayerActions.swift; sourceTree = "<group>"; };
		9F13D1CC2137F3DD00F44527 /* Song.swift */ = {isa = PBXFileReference; lastKnownFileType = sourcecode.swift; path = Song.swift; sourceTree = "<group>"; };
		9F13D1CE21380BC200F44527 /* AudioPlayerUIUpdates.swift */ = {isa = PBXFileReference; lastKnownFileType = sourcecode.swift; path = AudioPlayerUIUpdates.swift; sourceTree = "<group>"; };
/* End PBXFileReference section */

/* Begin PBXFrameworksBuildPhase section */
		9F13D17621374D1F00F44527 /* Frameworks */ = {
			isa = PBXFrameworksBuildPhase;
			buildActionMask = 2147483647;
			files = (
			);
			runOnlyForDeploymentPostprocessing = 0;
		};
		9F13D18D21374D1F00F44527 /* Frameworks */ = {
			isa = PBXFrameworksBuildPhase;
			buildActionMask = 2147483647;
			files = (
			);
			runOnlyForDeploymentPostprocessing = 0;
		};
		9F13D19821374D1F00F44527 /* Frameworks */ = {
			isa = PBXFrameworksBuildPhase;
			buildActionMask = 2147483647;
			files = (
			);
			runOnlyForDeploymentPostprocessing = 0;
		};
/* End PBXFrameworksBuildPhase section */

/* Begin PBXGroup section */
		9F13D17021374D1F00F44527 = {
			isa = PBXGroup;
			children = (
				9F13D17B21374D1F00F44527 /* PitchShifter */,
				9F13D19321374D1F00F44527 /* PitchShifterTests */,
				9F13D19E21374D1F00F44527 /* PitchShifterUITests */,
				9F13D17A21374D1F00F44527 /* Products */,
			);
			sourceTree = "<group>";
		};
		9F13D17A21374D1F00F44527 /* Products */ = {
			isa = PBXGroup;
			children = (
				9F13D17921374D1F00F44527 /* PitchShifter.app */,
				9F13D19021374D1F00F44527 /* PitchShifterTests.xctest */,
				9F13D19B21374D1F00F44527 /* PitchShifterUITests.xctest */,
			);
			name = Products;
			sourceTree = "<group>";
		};
		9F13D17B21374D1F00F44527 /* PitchShifter */ = {
			isa = PBXGroup;
			children = (
				9F13D1BE21375B9100F44527 /* Models */,
				9F13D1AD21374D3B00F44527 /* Application */,
				9F13D1B821374D4A00F44527 /* Assets */,
				9F13D18821374D1F00F44527 /* LaunchScreen.storyboard */,
				9F13D18B21374D1F00F44527 /* Info.plist */,
				9F13D18321374D1F00F44527 /* PitchShifter.xcdatamodeld */,
			);
			path = PitchShifter;
			sourceTree = "<group>";
		};
		9F13D19321374D1F00F44527 /* PitchShifterTests */ = {
			isa = PBXGroup;
			children = (
				9F13D19421374D1F00F44527 /* PitchShifterTests.swift */,
				9F13D19621374D1F00F44527 /* Info.plist */,
			);
			path = PitchShifterTests;
			sourceTree = "<group>";
		};
		9F13D19E21374D1F00F44527 /* PitchShifterUITests */ = {
			isa = PBXGroup;
			children = (
				9F13D19F21374D1F00F44527 /* PitchShifterUITests.swift */,
				9F13D1A121374D1F00F44527 /* Info.plist */,
			);
			path = PitchShifterUITests;
			sourceTree = "<group>";
		};
		9F13D1AD21374D3B00F44527 /* Application */ = {
			isa = PBXGroup;
			children = (
				9F13D1C121375CCB00F44527 /* SongsLibrary */,
				9F13D1AE21374D3B00F44527 /* Common */,
				9F13D1AF21374D3B00F44527 /* Extensions */,
				9F13D1B021374D3B00F44527 /* Main */,
				9F13D1B421374D3B00F44527 /* AudioPlayer */,
			);
			path = Application;
			sourceTree = "<group>";
		};
		9F13D1AE21374D3B00F44527 /* Common */ = {
			isa = PBXGroup;
			children = (
			);
			path = Common;
			sourceTree = "<group>";
		};
		9F13D1AF21374D3B00F44527 /* Extensions */ = {
			isa = PBXGroup;
			children = (
			);
			path = Extensions;
			sourceTree = "<group>";
		};
		9F13D1B021374D3B00F44527 /* Main */ = {
			isa = PBXGroup;
			children = (
				9F13D1B121374D3B00F44527 /* AppDelegate.swift */,
				9F13D1BF21375C3E00F44527 /* MainViewController.swift */,
			);
			path = Main;
			sourceTree = "<group>";
		};
		9F13D1B421374D3B00F44527 /* AudioPlayer */ = {
			isa = PBXGroup;
			children = (
				9F13D1B221374D3B00F44527 /* AudioPlayerView.swift */,
				9F13D1B321374D3B00F44527 /* AudioPlayerViewController.swift */,
				9F13D1C82137CF2B00F44527 /* AudioPlayerAudio.swift */,
				9F13D1CA2137D20500F44527 /* AudioPlayerActions.swift */,
				9F13D1CE21380BC200F44527 /* AudioPlayerUIUpdates.swift */,
			);
			path = AudioPlayer;
			sourceTree = "<group>";
		};
		9F13D1B821374D4A00F44527 /* Assets */ = {
			isa = PBXGroup;
			children = (
				9F13D1BB21374EBF00F44527 /* Music */,
				9F13D1B921374D4A00F44527 /* Assets.xcassets */,
			);
			path = Assets;
			sourceTree = "<group>";
		};
		9F13D1BB21374EBF00F44527 /* Music */ = {
			isa = PBXGroup;
			children = (
				9F13D1BC21374ED900F44527 /* YoungFolks.mp3 */,
			);
			path = Music;
			sourceTree = "<group>";
		};
		9F13D1BE21375B9100F44527 /* Models */ = {
			isa = PBXGroup;
			children = (
				9F13D1CC2137F3DD00F44527 /* Song.swift */,
			);
			path = Models;
			sourceTree = "<group>";
		};
		9F13D1C121375CCB00F44527 /* SongsLibrary */ = {
			isa = PBXGroup;
			children = (
				9F13D1C42137BF6700F44527 /* SongsLibraryViewController.swift */,
				9F13D1C62137C30800F44527 /* SongsLibraryView.swift */,
			);
			path = SongsLibrary;
			sourceTree = "<group>";
		};
/* End PBXGroup section */

/* Begin PBXNativeTarget section */
		9F13D17821374D1F00F44527 /* PitchShifter */ = {
			isa = PBXNativeTarget;
			buildConfigurationList = 9F13D1A421374D1F00F44527 /* Build configuration list for PBXNativeTarget "PitchShifter" */;
			buildPhases = (
				9F13D17521374D1F00F44527 /* Sources */,
				9F13D17621374D1F00F44527 /* Frameworks */,
				9F13D17721374D1F00F44527 /* Resources */,
			);
			buildRules = (
			);
			dependencies = (
			);
			name = PitchShifter;
			productName = PitchShifter;
			productReference = 9F13D17921374D1F00F44527 /* PitchShifter.app */;
			productType = "com.apple.product-type.application";
		};
		9F13D18F21374D1F00F44527 /* PitchShifterTests */ = {
			isa = PBXNativeTarget;
			buildConfigurationList = 9F13D1A721374D1F00F44527 /* Build configuration list for PBXNativeTarget "PitchShifterTests" */;
			buildPhases = (
				9F13D18C21374D1F00F44527 /* Sources */,
				9F13D18D21374D1F00F44527 /* Frameworks */,
				9F13D18E21374D1F00F44527 /* Resources */,
			);
			buildRules = (
			);
			dependencies = (
				9F13D19221374D1F00F44527 /* PBXTargetDependency */,
			);
			name = PitchShifterTests;
			productName = PitchShifterTests;
			productReference = 9F13D19021374D1F00F44527 /* PitchShifterTests.xctest */;
			productType = "com.apple.product-type.bundle.unit-test";
		};
		9F13D19A21374D1F00F44527 /* PitchShifterUITests */ = {
			isa = PBXNativeTarget;
			buildConfigurationList = 9F13D1AA21374D1F00F44527 /* Build configuration list for PBXNativeTarget "PitchShifterUITests" */;
			buildPhases = (
				9F13D19721374D1F00F44527 /* Sources */,
				9F13D19821374D1F00F44527 /* Frameworks */,
				9F13D19921374D1F00F44527 /* Resources */,
			);
			buildRules = (
			);
			dependencies = (
				9F13D19D21374D1F00F44527 /* PBXTargetDependency */,
			);
			name = PitchShifterUITests;
			productName = PitchShifterUITests;
			productReference = 9F13D19B21374D1F00F44527 /* PitchShifterUITests.xctest */;
			productType = "com.apple.product-type.bundle.ui-testing";
		};
/* End PBXNativeTarget section */

/* Begin PBXProject section */
		9F13D17121374D1F00F44527 /* Project object */ = {
			isa = PBXProject;
			attributes = {
				LastSwiftUpdateCheck = 0920;
				LastUpgradeCheck = 0920;
				ORGANIZATIONNAME = SkylerBala;
				TargetAttributes = {
					9F13D17821374D1F00F44527 = {
						CreatedOnToolsVersion = 9.2;
						ProvisioningStyle = Automatic;
					};
					9F13D18F21374D1F00F44527 = {
						CreatedOnToolsVersion = 9.2;
						ProvisioningStyle = Automatic;
						TestTargetID = 9F13D17821374D1F00F44527;
					};
					9F13D19A21374D1F00F44527 = {
						CreatedOnToolsVersion = 9.2;
						ProvisioningStyle = Automatic;
						TestTargetID = 9F13D17821374D1F00F44527;
					};
				};
			};
			buildConfigurationList = 9F13D17421374D1F00F44527 /* Build configuration list for PBXProject "PitchShifter" */;
			compatibilityVersion = "Xcode 8.0";
			developmentRegion = en;
			hasScannedForEncodings = 0;
			knownRegions = (
				en,
				Base,
			);
			mainGroup = 9F13D17021374D1F00F44527;
			productRefGroup = 9F13D17A21374D1F00F44527 /* Products */;
			projectDirPath = "";
			projectRoot = "";
			targets = (
				9F13D17821374D1F00F44527 /* PitchShifter */,
				9F13D18F21374D1F00F44527 /* PitchShifterTests */,
				9F13D19A21374D1F00F44527 /* PitchShifterUITests */,
			);
		};
/* End PBXProject section */

/* Begin PBXResourcesBuildPhase section */
		9F13D17721374D1F00F44527 /* Resources */ = {
			isa = PBXResourcesBuildPhase;
			buildActionMask = 2147483647;
			files = (
				9F13D1BD21374ED900F44527 /* YoungFolks.mp3 in Resources */,
				9F13D18A21374D1F00F44527 /* LaunchScreen.storyboard in Resources */,
				9F13D1BA21374D4A00F44527 /* Assets.xcassets in Resources */,
			);
			runOnlyForDeploymentPostprocessing = 0;
		};
		9F13D18E21374D1F00F44527 /* Resources */ = {
			isa = PBXResourcesBuildPhase;
			buildActionMask = 2147483647;
			files = (
			);
			runOnlyForDeploymentPostprocessing = 0;
		};
		9F13D19921374D1F00F44527 /* Resources */ = {
			isa = PBXResourcesBuildPhase;
			buildActionMask = 2147483647;
			files = (
			);
			runOnlyForDeploymentPostprocessing = 0;
		};
/* End PBXResourcesBuildPhase section */

/* Begin PBXSourcesBuildPhase section */
		9F13D17521374D1F00F44527 /* Sources */ = {
			isa = PBXSourcesBuildPhase;
			buildActionMask = 2147483647;
			files = (
				9F13D1B521374D3B00F44527 /* AppDelegate.swift in Sources */,
				9F13D1C52137BF6700F44527 /* SongsLibraryViewController.swift in Sources */,
				9F13D1C92137CF2B00F44527 /* AudioPlayerAudio.swift in Sources */,
				9F13D1C72137C30800F44527 /* SongsLibraryView.swift in Sources */,
				9F13D1CD2137F3DD00F44527 /* Song.swift in Sources */,
				9F13D18521374D1F00F44527 /* PitchShifter.xcdatamodeld in Sources */,
				9F13D1CB2137D20500F44527 /* AudioPlayerActions.swift in Sources */,
				9F13D1B721374D3B00F44527 /* AudioPlayerViewController.swift in Sources */,
				9F13D1CF21380BC200F44527 /* AudioPlayerUIUpdates.swift in Sources */,
				9F13D1B621374D3B00F44527 /* AudioPlayerView.swift in Sources */,
				9F13D1C021375C3E00F44527 /* MainViewController.swift in Sources */,
			);
			runOnlyForDeploymentPostprocessing = 0;
		};
		9F13D18C21374D1F00F44527 /* Sources */ = {
			isa = PBXSourcesBuildPhase;
			buildActionMask = 2147483647;
			files = (
				9F13D19521374D1F00F44527 /* PitchShifterTests.swift in Sources */,
			);
			runOnlyForDeploymentPostprocessing = 0;
		};
		9F13D19721374D1F00F44527 /* Sources */ = {
			isa = PBXSourcesBuildPhase;
			buildActionMask = 2147483647;
			files = (
				9F13D1A021374D1F00F44527 /* PitchShifterUITests.swift in Sources */,
			);
			runOnlyForDeploymentPostprocessing = 0;
		};
/* End PBXSourcesBuildPhase section */

/* Begin PBXTargetDependency section */
		9F13D19221374D1F00F44527 /* PBXTargetDependency */ = {
			isa = PBXTargetDependency;
			target = 9F13D17821374D1F00F44527 /* PitchShifter */;
			targetProxy = 9F13D19121374D1F00F44527 /* PBXContainerItemProxy */;
		};
		9F13D19D21374D1F00F44527 /* PBXTargetDependency */ = {
			isa = PBXTargetDependency;
			target = 9F13D17821374D1F00F44527 /* PitchShifter */;
			targetProxy = 9F13D19C21374D1F00F44527 /* PBXContainerItemProxy */;
		};
/* End PBXTargetDependency section */

/* Begin PBXVariantGroup section */
		9F13D18821374D1F00F44527 /* LaunchScreen.storyboard */ = {
			isa = PBXVariantGroup;
			children = (
				9F13D18921374D1F00F44527 /* Base */,
			);
			name = LaunchScreen.storyboard;
			sourceTree = "<group>";
		};
/* End PBXVariantGroup section */

/* Begin XCBuildConfiguration section */
		9F13D1A221374D1F00F44527 /* Debug */ = {
			isa = XCBuildConfiguration;
			buildSettings = {
				ALWAYS_SEARCH_USER_PATHS = NO;
				CLANG_ANALYZER_NONNULL = YES;
				CLANG_ANALYZER_NUMBER_OBJECT_CONVERSION = YES_AGGRESSIVE;
				CLANG_CXX_LANGUAGE_STANDARD = "gnu++14";
				CLANG_CXX_LIBRARY = "libc++";
				CLANG_ENABLE_MODULES = YES;
				CLANG_ENABLE_OBJC_ARC = YES;
				CLANG_WARN_BLOCK_CAPTURE_AUTORELEASING = YES;
				CLANG_WARN_BOOL_CONVERSION = YES;
				CLANG_WARN_COMMA = YES;
				CLANG_WARN_CONSTANT_CONVERSION = YES;
				CLANG_WARN_DIRECT_OBJC_ISA_USAGE = YES_ERROR;
				CLANG_WARN_DOCUMENTATION_COMMENTS = YES;
				CLANG_WARN_EMPTY_BODY = YES;
				CLANG_WARN_ENUM_CONVERSION = YES;
				CLANG_WARN_INFINITE_RECURSION = YES;
				CLANG_WARN_INT_CONVERSION = YES;
				CLANG_WARN_NON_LITERAL_NULL_CONVERSION = YES;
				CLANG_WARN_OBJC_LITERAL_CONVERSION = YES;
				CLANG_WARN_OBJC_ROOT_CLASS = YES_ERROR;
				CLANG_WARN_RANGE_LOOP_ANALYSIS = YES;
				CLANG_WARN_STRICT_PROTOTYPES = YES;
				CLANG_WARN_SUSPICIOUS_MOVE = YES;
				CLANG_WARN_UNGUARDED_AVAILABILITY = YES_AGGRESSIVE;
				CLANG_WARN_UNREACHABLE_CODE = YES;
				CLANG_WARN__DUPLICATE_METHOD_MATCH = YES;
				CODE_SIGN_IDENTITY = "iPhone Developer";
				COPY_PHASE_STRIP = NO;
				DEBUG_INFORMATION_FORMAT = dwarf;
				ENABLE_STRICT_OBJC_MSGSEND = YES;
				ENABLE_TESTABILITY = YES;
				GCC_C_LANGUAGE_STANDARD = gnu11;
				GCC_DYNAMIC_NO_PIC = NO;
				GCC_NO_COMMON_BLOCKS = YES;
				GCC_OPTIMIZATION_LEVEL = 0;
				GCC_PREPROCESSOR_DEFINITIONS = (
					"DEBUG=1",
					"$(inherited)",
				);
				GCC_WARN_64_TO_32_BIT_CONVERSION = YES;
				GCC_WARN_ABOUT_RETURN_TYPE = YES_ERROR;
				GCC_WARN_UNDECLARED_SELECTOR = YES;
				GCC_WARN_UNINITIALIZED_AUTOS = YES_AGGRESSIVE;
				GCC_WARN_UNUSED_FUNCTION = YES;
				GCC_WARN_UNUSED_VARIABLE = YES;
				IPHONEOS_DEPLOYMENT_TARGET = 11.2;
				MTL_ENABLE_DEBUG_INFO = YES;
				ONLY_ACTIVE_ARCH = YES;
				SDKROOT = iphoneos;
				SWIFT_ACTIVE_COMPILATION_CONDITIONS = DEBUG;
				SWIFT_OPTIMIZATION_LEVEL = "-Onone";
			};
			name = Debug;
		};
		9F13D1A321374D1F00F44527 /* Release */ = {
			isa = XCBuildConfiguration;
			buildSettings = {
				ALWAYS_SEARCH_USER_PATHS = NO;
				CLANG_ANALYZER_NONNULL = YES;
				CLANG_ANALYZER_NUMBER_OBJECT_CONVERSION = YES_AGGRESSIVE;
				CLANG_CXX_LANGUAGE_STANDARD = "gnu++14";
				CLANG_CXX_LIBRARY = "libc++";
				CLANG_ENABLE_MODULES = YES;
				CLANG_ENABLE_OBJC_ARC = YES;
				CLANG_WARN_BLOCK_CAPTURE_AUTORELEASING = YES;
				CLANG_WARN_BOOL_CONVERSION = YES;
				CLANG_WARN_COMMA = YES;
				CLANG_WARN_CONSTANT_CONVERSION = YES;
				CLANG_WARN_DIRECT_OBJC_ISA_USAGE = YES_ERROR;
				CLANG_WARN_DOCUMENTATION_COMMENTS = YES;
				CLANG_WARN_EMPTY_BODY = YES;
				CLANG_WARN_ENUM_CONVERSION = YES;
				CLANG_WARN_INFINITE_RECURSION = YES;
				CLANG_WARN_INT_CONVERSION = YES;
				CLANG_WARN_NON_LITERAL_NULL_CONVERSION = YES;
				CLANG_WARN_OBJC_LITERAL_CONVERSION = YES;
				CLANG_WARN_OBJC_ROOT_CLASS = YES_ERROR;
				CLANG_WARN_RANGE_LOOP_ANALYSIS = YES;
				CLANG_WARN_STRICT_PROTOTYPES = YES;
				CLANG_WARN_SUSPICIOUS_MOVE = YES;
				CLANG_WARN_UNGUARDED_AVAILABILITY = YES_AGGRESSIVE;
				CLANG_WARN_UNREACHABLE_CODE = YES;
				CLANG_WARN__DUPLICATE_METHOD_MATCH = YES;
				CODE_SIGN_IDENTITY = "iPhone Developer";
				COPY_PHASE_STRIP = NO;
				DEBUG_INFORMATION_FORMAT = "dwarf-with-dsym";
				ENABLE_NS_ASSERTIONS = NO;
				ENABLE_STRICT_OBJC_MSGSEND = YES;
				GCC_C_LANGUAGE_STANDARD = gnu11;
				GCC_NO_COMMON_BLOCKS = YES;
				GCC_WARN_64_TO_32_BIT_CONVERSION = YES;
				GCC_WARN_ABOUT_RETURN_TYPE = YES_ERROR;
				GCC_WARN_UNDECLARED_SELECTOR = YES;
				GCC_WARN_UNINITIALIZED_AUTOS = YES_AGGRESSIVE;
				GCC_WARN_UNUSED_FUNCTION = YES;
				GCC_WARN_UNUSED_VARIABLE = YES;
				IPHONEOS_DEPLOYMENT_TARGET = 11.2;
				MTL_ENABLE_DEBUG_INFO = NO;
				SDKROOT = iphoneos;
				SWIFT_OPTIMIZATION_LEVEL = "-Owholemodule";
				VALIDATE_PRODUCT = YES;
			};
			name = Release;
		};
		9F13D1A521374D1F00F44527 /* Debug */ = {
			isa = XCBuildConfiguration;
			buildSettings = {
				ASSETCATALOG_COMPILER_APPICON_NAME = AppIcon;
				CODE_SIGN_STYLE = Automatic;
				DEVELOPMENT_TEAM = BX4CBW4TS6;
				INFOPLIST_FILE = PitchShifter/Info.plist;
				LD_RUNPATH_SEARCH_PATHS = "$(inherited) @executable_path/Frameworks";
				PRODUCT_BUNDLE_IDENTIFIER = com.SkylerBala.PitchShifter;
				PRODUCT_NAME = "$(TARGET_NAME)";
				SWIFT_VERSION = 4.0;
				TARGETED_DEVICE_FAMILY = "1,2";
			};
			name = Debug;
		};
		9F13D1A621374D1F00F44527 /* Release */ = {
			isa = XCBuildConfiguration;
			buildSettings = {
				ASSETCATALOG_COMPILER_APPICON_NAME = AppIcon;
				CODE_SIGN_STYLE = Automatic;
				DEVELOPMENT_TEAM = BX4CBW4TS6;
				INFOPLIST_FILE = PitchShifter/Info.plist;
				LD_RUNPATH_SEARCH_PATHS = "$(inherited) @executable_path/Frameworks";
				PRODUCT_BUNDLE_IDENTIFIER = com.SkylerBala.PitchShifter;
				PRODUCT_NAME = "$(TARGET_NAME)";
				SWIFT_VERSION = 4.0;
				TARGETED_DEVICE_FAMILY = "1,2";
			};
			name = Release;
		};
		9F13D1A821374D1F00F44527 /* Debug */ = {
			isa = XCBuildConfiguration;
			buildSettings = {
				ALWAYS_EMBED_SWIFT_STANDARD_LIBRARIES = YES;
				BUNDLE_LOADER = "$(TEST_HOST)";
				CODE_SIGN_STYLE = Automatic;
				DEVELOPMENT_TEAM = BX4CBW4TS6;
				INFOPLIST_FILE = PitchShifterTests/Info.plist;
				LD_RUNPATH_SEARCH_PATHS = "$(inherited) @executable_path/Frameworks @loader_path/Frameworks";
				PRODUCT_BUNDLE_IDENTIFIER = com.SkylerBala.PitchShifterTests;
				PRODUCT_NAME = "$(TARGET_NAME)";
				SWIFT_VERSION = 4.0;
				TARGETED_DEVICE_FAMILY = "1,2";
				TEST_HOST = "$(BUILT_PRODUCTS_DIR)/PitchShifter.app/PitchShifter";
			};
			name = Debug;
		};
		9F13D1A921374D1F00F44527 /* Release */ = {
			isa = XCBuildConfiguration;
			buildSettings = {
				ALWAYS_EMBED_SWIFT_STANDARD_LIBRARIES = YES;
				BUNDLE_LOADER = "$(TEST_HOST)";
				CODE_SIGN_STYLE = Automatic;
				DEVELOPMENT_TEAM = BX4CBW4TS6;
				INFOPLIST_FILE = PitchShifterTests/Info.plist;
				LD_RUNPATH_SEARCH_PATHS = "$(inherited) @executable_path/Frameworks @loader_path/Frameworks";
				PRODUCT_BUNDLE_IDENTIFIER = com.SkylerBala.PitchShifterTests;
				PRODUCT_NAME = "$(TARGET_NAME)";
				SWIFT_VERSION = 4.0;
				TARGETED_DEVICE_FAMILY = "1,2";
				TEST_HOST = "$(BUILT_PRODUCTS_DIR)/PitchShifter.app/PitchShifter";
			};
			name = Release;
		};
		9F13D1AB21374D1F00F44527 /* Debug */ = {
			isa = XCBuildConfiguration;
			buildSettings = {
				ALWAYS_EMBED_SWIFT_STANDARD_LIBRARIES = YES;
				CODE_SIGN_STYLE = Automatic;
				DEVELOPMENT_TEAM = BX4CBW4TS6;
				INFOPLIST_FILE = PitchShifterUITests/Info.plist;
				LD_RUNPATH_SEARCH_PATHS = "$(inherited) @executable_path/Frameworks @loader_path/Frameworks";
				PRODUCT_BUNDLE_IDENTIFIER = com.SkylerBala.PitchShifterUITests;
				PRODUCT_NAME = "$(TARGET_NAME)";
				SWIFT_VERSION = 4.0;
				TARGETED_DEVICE_FAMILY = "1,2";
				TEST_TARGET_NAME = PitchShifter;
			};
			name = Debug;
		};
		9F13D1AC21374D1F00F44527 /* Release */ = {
			isa = XCBuildConfiguration;
			buildSettings = {
				ALWAYS_EMBED_SWIFT_STANDARD_LIBRARIES = YES;
				CODE_SIGN_STYLE = Automatic;
				DEVELOPMENT_TEAM = BX4CBW4TS6;
				INFOPLIST_FILE = PitchShifterUITests/Info.plist;
				LD_RUNPATH_SEARCH_PATHS = "$(inherited) @executable_path/Frameworks @loader_path/Frameworks";
				PRODUCT_BUNDLE_IDENTIFIER = com.SkylerBala.PitchShifterUITests;
				PRODUCT_NAME = "$(TARGET_NAME)";
				SWIFT_VERSION = 4.0;
				TARGETED_DEVICE_FAMILY = "1,2";
				TEST_TARGET_NAME = PitchShifter;
			};
			name = Release;
		};
/* End XCBuildConfiguration section */

/* Begin XCConfigurationList section */
		9F13D17421374D1F00F44527 /* Build configuration list for PBXProject "PitchShifter" */ = {
			isa = XCConfigurationList;
			buildConfigurations = (
				9F13D1A221374D1F00F44527 /* Debug */,
				9F13D1A321374D1F00F44527 /* Release */,
			);
			defaultConfigurationIsVisible = 0;
			defaultConfigurationName = Release;
		};
		9F13D1A421374D1F00F44527 /* Build configuration list for PBXNativeTarget "PitchShifter" */ = {
			isa = XCConfigurationList;
			buildConfigurations = (
				9F13D1A521374D1F00F44527 /* Debug */,
				9F13D1A621374D1F00F44527 /* Release */,
			);
			defaultConfigurationIsVisible = 0;
			defaultConfigurationName = Release;
		};
		9F13D1A721374D1F00F44527 /* Build configuration list for PBXNativeTarget "PitchShifterTests" */ = {
			isa = XCConfigurationList;
			buildConfigurations = (
				9F13D1A821374D1F00F44527 /* Debug */,
				9F13D1A921374D1F00F44527 /* Release */,
			);
			defaultConfigurationIsVisible = 0;
			defaultConfigurationName = Release;
		};
		9F13D1AA21374D1F00F44527 /* Build configuration list for PBXNativeTarget "PitchShifterUITests" */ = {
			isa = XCConfigurationList;
			buildConfigurations = (
				9F13D1AB21374D1F00F44527 /* Debug */,
				9F13D1AC21374D1F00F44527 /* Release */,
			);
			defaultConfigurationIsVisible = 0;
			defaultConfigurationName = Release;
		};
/* End XCConfigurationList section */

/* Begin XCVersionGroup section */
		9F13D18321374D1F00F44527 /* PitchShifter.xcdatamodeld */ = {
			isa = XCVersionGroup;
			children = (
				9F13D18421374D1F00F44527 /* PitchShifter.xcdatamodel */,
			);
			currentVersion = 9F13D18421374D1F00F44527 /* PitchShifter.xcdatamodel */;
			path = PitchShifter.xcdatamodeld;
			sourceTree = "<group>";
			versionGroupType = wrapper.xcdatamodel;
		};
/* End XCVersionGroup section */
	};
	rootObject = 9F13D17121374D1F00F44527 /* Project object */;
}
